lockfileVersion: 5.4

specifiers:
  '@emotion/react': ^11.10.6
  '@emotion/styled': ^11.10.6
  '@mui/base': 5.0.0-alpha.118
  '@mui/lab': 5.0.0-alpha.120
  '@mui/material': ^5.11.10
  '@mui/system': ^5.11.9
  '@mui/x-date-pickers': ^5.0.19
  mui-image: ^1.0.7
  prop-types: ^15.8.1
  react: ^18.2.0
  react-dom: ^18.2.0

dependencies:
  '@emotion/react': 11.10.6_react@18.2.0
  '@emotion/styled': 11.10.6_3og6jmu6wvzuytygvdoxepq3x4
  '@mui/base': 5.0.0-alpha.118_biqbaboplfbrettd7655fr4n2y
  '@mui/lab': 5.0.0-alpha.120_xi2qqm4afs7e77tnkkiyk5lfne
  '@mui/material': 5.11.10_fbxtuirhogpez7m7qjkm3itwca
  '@mui/system': 5.11.9_xqp3pgpqjlfxxa3zxu4zoc4fba
  '@mui/x-date-pickers': 5.0.19_6ozy4epu6s4grfuwkbuu2vw5ga
  mui-image: 1.0.7_bachi2g2e4ough6itswqbcnemm
  prop-types: 15.8.1
  react: 18.2.0
  react-dom: 18.2.0_react@18.2.0

packages:

  /@babel/code-frame/7.18.6:
    resolution: {integrity: sha512-TDCmlK5eOvH+eH7cdAFlNXeVJqWIQ7gW9tY1GJIpUtFb6CmjVyq2VM3u71bOyR8CRihcCgMUYoDNyLXao3+70Q==}
    engines: {node: '>=6.9.0'}
    dependencies:
      '@babel/highlight': 7.18.6
    dev: false

  /@babel/helper-module-imports/7.18.6:
    resolution: {integrity: sha512-0NFvs3VkuSYbFi1x2Vd6tKrywq+z/cLeYC/RJNFrIX/30Bf5aiGYbtvGXolEktzJH8o5E5KJ3tT+nkxuuZFVlA==}
    engines: {node: '>=6.9.0'}
    dependencies:
      '@babel/types': 7.21.0
    dev: false

  /@babel/helper-string-parser/7.19.4:
    resolution: {integrity: sha512-nHtDoQcuqFmwYNYPz3Rah5ph2p8PFeFCsZk9A/48dPc/rGocJ5J3hAAZ7pb76VWX3fZKu+uEr/FhH5jLx7umrw==}
    engines: {node: '>=6.9.0'}
    dev: false

  /@babel/helper-validator-identifier/7.19.1:
    resolution: {integrity: sha512-awrNfaMtnHUr653GgGEs++LlAvW6w+DcPrOliSMXWCKo597CwL5Acf/wWdNkf/tfEQE3mjkeD1YOVZOUV/od1w==}
    engines: {node: '>=6.9.0'}
    dev: false

  /@babel/highlight/7.18.6:
    resolution: {integrity: sha512-u7stbOuYjaPezCuLj29hNW1v64M2Md2qupEKP1fHc7WdOA3DgLh37suiSrZYY7haUB7iBeQZ9P1uiRF359do3g==}
    engines: {node: '>=6.9.0'}
    dependencies:
      '@babel/helper-validator-identifier': 7.19.1
      chalk: 2.4.2
      js-tokens: 4.0.0
    dev: false

  /@babel/runtime/7.21.0:
    resolution: {integrity: sha512-xwII0//EObnq89Ji5AKYQaRYiW/nZ3llSv29d49IuxPhKbtJoLP+9QUUZ4nVragQVtaVGeZrpB+ZtG/Pdy/POw==}
    engines: {node: '>=6.9.0'}
    dependencies:
      regenerator-runtime: 0.13.11
    dev: false

  /@babel/types/7.21.0:
    resolution: {integrity: sha512-uR7NWq2VNFnDi7EYqiRz2Jv/VQIu38tu64Zy8TX2nQFQ6etJ9V/Rr2msW8BS132mum2rL645qpDrLtAJtVpuow==}
    engines: {node: '>=6.9.0'}
    dependencies:
      '@babel/helper-string-parser': 7.19.4
      '@babel/helper-validator-identifier': 7.19.1
      to-fast-properties: 2.0.0
    dev: false

  /@date-io/core/2.16.0:
    resolution: {integrity: sha512-DYmSzkr+jToahwWrsiRA2/pzMEtz9Bq1euJwoOuYwuwIYXnZFtHajY2E6a1VNVDc9jP8YUXK1BvnZH9mmT19Zg==}
    dev: false

  /@date-io/date-fns/2.16.0:
    resolution: {integrity: sha512-bfm5FJjucqlrnQcXDVU5RD+nlGmL3iWgkHTq3uAZWVIuBu6dDmGa3m8a6zo2VQQpu8ambq9H22UyUpn7590joA==}
    peerDependencies:
      date-fns: ^2.0.0
    peerDependenciesMeta:
      date-fns:
        optional: true
    dependencies:
      '@date-io/core': 2.16.0
    dev: false

  /@date-io/dayjs/2.16.0:
    resolution: {integrity: sha512-y5qKyX2j/HG3zMvIxTobYZRGnd1FUW2olZLS0vTj7bEkBQkjd2RO7/FEwDY03Z1geVGlXKnzIATEVBVaGzV4Iw==}
    peerDependencies:
      dayjs: ^1.8.17
    peerDependenciesMeta:
      dayjs:
        optional: true
    dependencies:
      '@date-io/core': 2.16.0
    dev: false

  /@date-io/luxon/2.16.1:
    resolution: {integrity: sha512-aeYp5K9PSHV28946pC+9UKUi/xMMYoaGelrpDibZSgHu2VWHXrr7zWLEr+pMPThSs5vt8Ei365PO+84pCm37WQ==}
    peerDependencies:
      luxon: ^1.21.3 || ^2.x || ^3.x
    peerDependenciesMeta:
      luxon:
        optional: true
    dependencies:
      '@date-io/core': 2.16.0
    dev: false

  /@date-io/moment/2.16.1:
    resolution: {integrity: sha512-JkxldQxUqZBfZtsaCcCMkm/dmytdyq5pS1RxshCQ4fHhsvP5A7gSqPD22QbVXMcJydi3d3v1Y8BQdUKEuGACZQ==}
    peerDependencies:
      moment: ^2.24.0
    peerDependenciesMeta:
      moment:
        optional: true
    dependencies:
      '@date-io/core': 2.16.0
    dev: false

  /@emotion/babel-plugin/11.10.6:
    resolution: {integrity: sha512-p2dAqtVrkhSa7xz1u/m9eHYdLi+en8NowrmXeF/dKtJpU8lCWli8RUAati7NcSl0afsBott48pdnANuD0wh9QQ==}
    dependencies:
      '@babel/helper-module-imports': 7.18.6
      '@babel/runtime': 7.21.0
      '@emotion/hash': 0.9.0
      '@emotion/memoize': 0.8.0
      '@emotion/serialize': 1.1.1
      babel-plugin-macros: 3.1.0
      convert-source-map: 1.9.0
      escape-string-regexp: 4.0.0
      find-root: 1.1.0
      source-map: 0.5.7
      stylis: 4.1.3
    dev: false

  /@emotion/cache/11.10.5:
    resolution: {integrity: sha512-dGYHWyzTdmK+f2+EnIGBpkz1lKc4Zbj2KHd4cX3Wi8/OWr5pKslNjc3yABKH4adRGCvSX4VDC0i04mrrq0aiRA==}
    dependencies:
      '@emotion/memoize': 0.8.0
      '@emotion/sheet': 1.2.1
      '@emotion/utils': 1.2.0
      '@emotion/weak-memoize': 0.3.0
      stylis: 4.1.3
    dev: false

  /@emotion/hash/0.9.0:
    resolution: {integrity: sha512-14FtKiHhy2QoPIzdTcvh//8OyBlknNs2nXRwIhG904opCby3l+9Xaf/wuPvICBF0rc1ZCNBd3nKe9cd2mecVkQ==}
    dev: false

  /@emotion/is-prop-valid/1.2.0:
    resolution: {integrity: sha512-3aDpDprjM0AwaxGE09bOPkNxHpBd+kA6jty3RnaEXdweX1DF1U3VQpPYb0g1IStAuK7SVQ1cy+bNBBKp4W3Fjg==}
    dependencies:
      '@emotion/memoize': 0.8.0
    dev: false

  /@emotion/memoize/0.8.0:
    resolution: {integrity: sha512-G/YwXTkv7Den9mXDO7AhLWkE3q+I92B+VqAE+dYG4NGPaHZGvt3G8Q0p9vmE+sq7rTGphUbAvmQ9YpbfMQGGlA==}
    dev: false

  /@emotion/react/11.10.6_react@18.2.0:
    resolution: {integrity: sha512-6HT8jBmcSkfzO7mc+N1L9uwvOnlcGoix8Zn7srt+9ga0MjREo6lRpuVX0kzo6Jp6oTqDhREOFsygN6Ew4fEQbw==}
    peerDependencies:
      '@types/react': '*'
      react: '>=16.8.0'
    peerDependenciesMeta:
      '@types/react':
        optional: true
    dependencies:
      '@babel/runtime': 7.21.0
      '@emotion/babel-plugin': 11.10.6
      '@emotion/cache': 11.10.5
      '@emotion/serialize': 1.1.1
      '@emotion/use-insertion-effect-with-fallbacks': 1.0.0_react@18.2.0
      '@emotion/utils': 1.2.0
      '@emotion/weak-memoize': 0.3.0
      hoist-non-react-statics: 3.3.2
      react: 18.2.0
    dev: false

  /@emotion/serialize/1.1.1:
    resolution: {integrity: sha512-Zl/0LFggN7+L1liljxXdsVSVlg6E/Z/olVWpfxUTxOAmi8NU7YoeWeLfi1RmnB2TATHoaWwIBRoL+FvAJiTUQA==}
    dependencies:
      '@emotion/hash': 0.9.0
      '@emotion/memoize': 0.8.0
      '@emotion/unitless': 0.8.0
      '@emotion/utils': 1.2.0
      csstype: 3.1.1
    dev: false

  /@emotion/sheet/1.2.1:
    resolution: {integrity: sha512-zxRBwl93sHMsOj4zs+OslQKg/uhF38MB+OMKoCrVuS0nyTkqnau+BM3WGEoOptg9Oz45T/aIGs1qbVAsEFo3nA==}
    dev: false

  /@emotion/styled/11.10.6_3og6jmu6wvzuytygvdoxepq3x4:
    resolution: {integrity: sha512-OXtBzOmDSJo5Q0AFemHCfl+bUueT8BIcPSxu0EGTpGk6DmI5dnhSzQANm1e1ze0YZL7TDyAyy6s/b/zmGOS3Og==}
    peerDependencies:
      '@emotion/react': ^11.0.0-rc.0
      '@types/react': '*'
      react: '>=16.8.0'
    peerDependenciesMeta:
      '@types/react':
        optional: true
    dependencies:
      '@babel/runtime': 7.21.0
      '@emotion/babel-plugin': 11.10.6
      '@emotion/is-prop-valid': 1.2.0
      '@emotion/react': 11.10.6_react@18.2.0
      '@emotion/serialize': 1.1.1
      '@emotion/use-insertion-effect-with-fallbacks': 1.0.0_react@18.2.0
      '@emotion/utils': 1.2.0
      react: 18.2.0
    dev: false

  /@emotion/unitless/0.8.0:
    resolution: {integrity: sha512-VINS5vEYAscRl2ZUDiT3uMPlrFQupiKgHz5AA4bCH1miKBg4qtwkim1qPmJj/4WG6TreYMY111rEFsjupcOKHw==}
    dev: false

  /@emotion/use-insertion-effect-with-fallbacks/1.0.0_react@18.2.0:
    resolution: {integrity: sha512-1eEgUGmkaljiBnRMTdksDV1W4kUnmwgp7X9G8B++9GYwl1lUdqSndSriIrTJ0N7LQaoauY9JJ2yhiOYK5+NI4A==}
    peerDependencies:
      react: '>=16.8.0'
    dependencies:
      react: 18.2.0
    dev: false

  /@emotion/utils/1.2.0:
    resolution: {integrity: sha512-sn3WH53Kzpw8oQ5mgMmIzzyAaH2ZqFEbozVVBSYp538E06OSE6ytOp7pRAjNQR+Q/orwqdQYJSe2m3hCOeznkw==}
    dev: false

  /@emotion/weak-memoize/0.3.0:
    resolution: {integrity: sha512-AHPmaAx+RYfZz0eYu6Gviiagpmiyw98ySSlQvCUhVGDRtDFe4DBS0x1bSjdF3gqUDYOczB+yYvBTtEylYSdRhg==}
    dev: false

  /@mui/base/5.0.0-alpha.118_biqbaboplfbrettd7655fr4n2y:
    resolution: {integrity: sha512-GAEpqhnuHjRaAZLdxFNuOf2GDTp9sUawM46oHZV4VnYPFjXJDkIYFWfIQLONb0nga92OiqS5DD/scGzVKCL0Mw==}
    engines: {node: '>=12.0.0'}
    peerDependencies:
      '@types/react': ^17.0.0 || ^18.0.0
      react: ^17.0.0 || ^18.0.0
      react-dom: ^17.0.0 || ^18.0.0
    peerDependenciesMeta:
      '@types/react':
        optional: true
    dependencies:
      '@babel/runtime': 7.21.0
      '@emotion/is-prop-valid': 1.2.0
      '@mui/types': 7.2.3
      '@mui/utils': 5.11.9_react@18.2.0
      '@popperjs/core': 2.11.6
      clsx: 1.2.1
      prop-types: 15.8.1
      react: 18.2.0
      react-dom: 18.2.0_react@18.2.0
      react-is: 18.2.0
    dev: false

  /@mui/core-downloads-tracker/5.11.9:
    resolution: {integrity: sha512-YGEtucQ/Nl91VZkzYaLad47Cdui51n/hW+OQm4210g4N3/nZzBxmGeKfubEalf+ShKH4aYDS86XTO6q/TpZnjQ==}
    dev: false

  /@mui/lab/5.0.0-alpha.120_xi2qqm4afs7e77tnkkiyk5lfne:
    resolution: {integrity: sha512-vjlF2jTKSZnNxtUO0xxHEDfpL5cG0LLNRsfKv8TYOiPs0Q1bbqO3YfqJsqxv8yh+wx7EFZc8lwJ4NSAQdenW3A==}
    engines: {node: '>=12.0.0'}
    peerDependencies:
      '@emotion/react': ^11.5.0
      '@emotion/styled': ^11.3.0
      '@mui/material': ^5.0.0
      '@types/react': ^17.0.0 || ^18.0.0
      react: ^17.0.0 || ^18.0.0
      react-dom: ^17.0.0 || ^18.0.0
    peerDependenciesMeta:
      '@emotion/react':
        optional: true
      '@emotion/styled':
        optional: true
      '@types/react':
        optional: true
    dependencies:
      '@babel/runtime': 7.21.0
      '@emotion/react': 11.10.6_react@18.2.0
      '@emotion/styled': 11.10.6_3og6jmu6wvzuytygvdoxepq3x4
      '@mui/base': 5.0.0-alpha.118_biqbaboplfbrettd7655fr4n2y
      '@mui/material': 5.11.10_fbxtuirhogpez7m7qjkm3itwca
      '@mui/system': 5.11.9_xqp3pgpqjlfxxa3zxu4zoc4fba
      '@mui/types': 7.2.3
      '@mui/utils': 5.11.9_react@18.2.0
      clsx: 1.2.1
      prop-types: 15.8.1
      react: 18.2.0
      react-dom: 18.2.0_react@18.2.0
      react-is: 18.2.0
    dev: false

  /@mui/material/5.11.10_fbxtuirhogpez7m7qjkm3itwca:
    resolution: {integrity: sha512-hs1WErbiedqlJIZsljgoil908x4NMp8Lfk8di+5c7o809roqKcFTg2+k3z5ucKvs29AXcsdXrDB/kn2K6dGYIw==}
    engines: {node: '>=12.0.0'}
    peerDependencies:
      '@emotion/react': ^11.5.0
      '@emotion/styled': ^11.3.0
      '@types/react': ^17.0.0 || ^18.0.0
      react: ^17.0.0 || ^18.0.0
      react-dom: ^17.0.0 || ^18.0.0
    peerDependenciesMeta:
      '@emotion/react':
        optional: true
      '@emotion/styled':
        optional: true
      '@types/react':
        optional: true
    dependencies:
      '@babel/runtime': 7.21.0
      '@emotion/react': 11.10.6_react@18.2.0
      '@emotion/styled': 11.10.6_3og6jmu6wvzuytygvdoxepq3x4
      '@mui/base': 5.0.0-alpha.118_biqbaboplfbrettd7655fr4n2y
      '@mui/core-downloads-tracker': 5.11.9
      '@mui/system': 5.11.9_xqp3pgpqjlfxxa3zxu4zoc4fba
      '@mui/types': 7.2.3
      '@mui/utils': 5.11.9_react@18.2.0
      '@types/react-transition-group': 4.4.5
      clsx: 1.2.1
      csstype: 3.1.1
      prop-types: 15.8.1
      react: 18.2.0
      react-dom: 18.2.0_react@18.2.0
      react-is: 18.2.0
      react-transition-group: 4.4.5_biqbaboplfbrettd7655fr4n2y
    dev: false

  /@mui/private-theming/5.11.9_react@18.2.0:
    resolution: {integrity: sha512-XMyVIFGomVCmCm92EvYlgq3zrC9K+J6r7IKl/rBJT2/xVYoRY6uM7jeB+Wxh7kXxnW9Dbqsr2yL3cx6wSD1sAg==}
    engines: {node: '>=12.0.0'}
    peerDependencies:
      '@types/react': ^17.0.0 || ^18.0.0
      react: ^17.0.0 || ^18.0.0
    peerDependenciesMeta:
      '@types/react':
        optional: true
    dependencies:
      '@babel/runtime': 7.21.0
      '@mui/utils': 5.11.9_react@18.2.0
      prop-types: 15.8.1
      react: 18.2.0
    dev: false

  /@mui/styled-engine/5.11.9_xqp3pgpqjlfxxa3zxu4zoc4fba:
    resolution: {integrity: sha512-bkh2CjHKOMy98HyOc8wQXEZvhOmDa/bhxMUekFX5IG0/w4f5HJ8R6+K6nakUUYNEgjOWPYzNPrvGB8EcGbhahQ==}
    engines: {node: '>=12.0.0'}
    peerDependencies:
      '@emotion/react': ^11.4.1
      '@emotion/styled': ^11.3.0
      react: ^17.0.0 || ^18.0.0
    peerDependenciesMeta:
      '@emotion/react':
        optional: true
      '@emotion/styled':
        optional: true
    dependencies:
      '@babel/runtime': 7.21.0
      '@emotion/cache': 11.10.5
      '@emotion/react': 11.10.6_react@18.2.0
      '@emotion/styled': 11.10.6_3og6jmu6wvzuytygvdoxepq3x4
      csstype: 3.1.1
      prop-types: 15.8.1
      react: 18.2.0
    dev: false

  /@mui/system/5.11.9_xqp3pgpqjlfxxa3zxu4zoc4fba:
    resolution: {integrity: sha512-h6uarf+l3FO6l75Nf7yO+qDGrIoa1DM9nAMCUFZQsNCDKOInRzcptnm8M1w/Z3gVetfeeGoIGAYuYKbft6KZZA==}
    engines: {node: '>=12.0.0'}
    peerDependencies:
      '@emotion/react': ^11.5.0
      '@emotion/styled': ^11.3.0
      '@types/react': ^17.0.0 || ^18.0.0
      react: ^17.0.0 || ^18.0.0
    peerDependenciesMeta:
      '@emotion/react':
        optional: true
      '@emotion/styled':
        optional: true
      '@types/react':
        optional: true
    dependencies:
      '@babel/runtime': 7.21.0
      '@emotion/react': 11.10.6_react@18.2.0
      '@emotion/styled': 11.10.6_3og6jmu6wvzuytygvdoxepq3x4
      '@mui/private-theming': 5.11.9_react@18.2.0
      '@mui/styled-engine': 5.11.9_xqp3pgpqjlfxxa3zxu4zoc4fba
      '@mui/types': 7.2.3
      '@mui/utils': 5.11.9_react@18.2.0
      clsx: 1.2.1
      csstype: 3.1.1
      prop-types: 15.8.1
      react: 18.2.0
    dev: false

  /@mui/types/7.2.3:
    resolution: {integrity: sha512-tZ+CQggbe9Ol7e/Fs5RcKwg/woU+o8DCtOnccX6KmbBc7YrfqMYEYuaIcXHuhpT880QwNkZZ3wQwvtlDFA2yOw==}
    peerDependencies:
      '@types/react': '*'
    peerDependenciesMeta:
      '@types/react':
        optional: true
    dev: false

  /@mui/utils/5.11.9_react@18.2.0:
    resolution: {integrity: sha512-eOJaqzcEs4qEwolcvFAmXGpln+uvouvOS9FUX6Wkrte+4I8rZbjODOBDVNlK+V6/ziTfD4iNKC0G+KfOTApbqg==}
    engines: {node: '>=12.0.0'}
    peerDependencies:
      react: ^17.0.0 || ^18.0.0
    dependencies:
      '@babel/runtime': 7.21.0
      '@types/prop-types': 15.7.5
      '@types/react-is': 17.0.3
      prop-types: 15.8.1
      react: 18.2.0
      react-is: 18.2.0
    dev: false

  /@mui/x-date-pickers/5.0.19_6ozy4epu6s4grfuwkbuu2vw5ga:
    resolution: {integrity: sha512-D8zFyFgwA6faPCTM//3SG17RqCegczKQS9wF/toemhjsP7Ps4ape/llHqowL/BZLbi14OXV0Ud10tfUyVP7Q/Q==}
    engines: {node: '>=12.0.0'}
    peerDependencies:
      '@emotion/react': ^11.9.0
      '@emotion/styled': ^11.8.1
      '@mui/material': ^5.4.1
      '@mui/system': ^5.4.1
      date-fns: ^2.25.0
      dayjs: ^1.10.7
      luxon: ^1.28.0 || ^2.0.0 || ^3.0.0
      moment: ^2.29.1
      react: ^17.0.2 || ^18.0.0
      react-dom: ^17.0.2 || ^18.0.0
    peerDependenciesMeta:
      '@emotion/react':
        optional: true
      '@emotion/styled':
        optional: true
      date-fns:
        optional: true
      dayjs:
        optional: true
      luxon:
        optional: true
      moment:
        optional: true
    dependencies:
      '@babel/runtime': 7.21.0
      '@date-io/core': 2.16.0
      '@date-io/date-fns': 2.16.0
      '@date-io/dayjs': 2.16.0
      '@date-io/luxon': 2.16.1
      '@date-io/moment': 2.16.1
      '@emotion/react': 11.10.6_react@18.2.0
      '@emotion/styled': 11.10.6_3og6jmu6wvzuytygvdoxepq3x4
      '@mui/material': 5.11.10_fbxtuirhogpez7m7qjkm3itwca
      '@mui/system': 5.11.9_xqp3pgpqjlfxxa3zxu4zoc4fba
      '@mui/utils': 5.11.9_react@18.2.0
      '@types/react-transition-group': 4.4.5
      clsx: 1.2.1
      prop-types: 15.8.1
      react: 18.2.0
      react-dom: 18.2.0_react@18.2.0
      react-transition-group: 4.4.5_biqbaboplfbrettd7655fr4n2y
      rifm: 0.12.1_react@18.2.0
    dev: false

  /@popperjs/core/2.11.6:
    resolution: {integrity: sha512-50/17A98tWUfQ176raKiOGXuYpLyyVMkxxG6oylzL3BPOlA6ADGdK7EYunSa4I064xerltq9TGXs8HmOk5E+vw==}
    dev: false

  /@types/parse-json/4.0.0:
    resolution: {integrity: sha512-//oorEZjL6sbPcKUaCdIGlIUeH26mgzimjBB77G6XRgnDl/L5wOnpyBGRe/Mmf5CVW3PwEBE1NjiMZ/ssFh4wA==}
    dev: false

  /@types/prop-types/15.7.5:
    resolution: {integrity: sha512-JCB8C6SnDoQf0cNycqd/35A7MjcnK+ZTqE7judS6o7utxUCg6imJg3QK2qzHKszlTjcj2cn+NwMB2i96ubpj7w==}
    dev: false

  /@types/react-is/17.0.3:
    resolution: {integrity: sha512-aBTIWg1emtu95bLTLx0cpkxwGW3ueZv71nE2YFBpL8k/z5czEW8yYpOo8Dp+UUAFAtKwNaOsh/ioSeQnWlZcfw==}
    dependencies:
      '@types/react': 18.0.28
    dev: false

  /@types/react-transition-group/4.4.5:
    resolution: {integrity: sha512-juKD/eiSM3/xZYzjuzH6ZwpP+/lejltmiS3QEzV/vmb/Q8+HfDmxu+Baga8UEMGBqV88Nbg4l2hY/K2DkyaLLA==}
    dependencies:
      '@types/react': 18.0.28
    dev: false

  /@types/react/18.0.28:
    resolution: {integrity: sha512-RD0ivG1kEztNBdoAK7lekI9M+azSnitIn85h4iOiaLjaTrMjzslhaqCGaI4IyCJ1RljWiLCEu4jyrLLgqxBTew==}
    dependencies:
      '@types/prop-types': 15.7.5
      '@types/scheduler': 0.16.2
      csstype: 3.1.1
    dev: false

  /@types/scheduler/0.16.2:
    resolution: {integrity: sha512-hppQEBDmlwhFAXKJX2KnWLYu5yMfi91yazPb2l+lbJiwW+wdo1gNeRA+3RgNSO39WYX2euey41KEwnqesU2Jew==}
    dev: false

  /ansi-styles/3.2.1:
    resolution: {integrity: sha512-VT0ZI6kZRdTh8YyJw3SMbYm/u+NqfsAxEpWO0Pf9sq8/e94WxxOpPKx9FR1FlyCtOVDNOQ+8ntlqFxiRc+r5qA==}
    engines: {node: '>=4'}
    dependencies:
      color-convert: 1.9.3
    dev: false

  /babel-plugin-macros/3.1.0:
    resolution: {integrity: sha512-Cg7TFGpIr01vOQNODXOOaGz2NpCU5gl8x1qJFbb6hbZxR7XrcE2vtbAsTAbJ7/xwJtUuJEw8K8Zr/AE0LHlesg==}
    engines: {node: '>=10', npm: '>=6'}
    dependencies:
      '@babel/runtime': 7.21.0
      cosmiconfig: 7.1.0
      resolve: 1.22.1
    dev: false

  /callsites/3.1.0:
    resolution: {integrity: sha512-P8BjAsXvZS+VIDUI11hHCQEv74YT67YUi5JJFNWIqL235sBmjX4+qx9Muvls5ivyNENctx46xQLQ3aTuE7ssaQ==}
    engines: {node: '>=6'}
    dev: false

  /chalk/2.4.2:
    resolution: {integrity: sha512-Mti+f9lpJNcwF4tWV8/OrTTtF1gZi+f8FqlyAdouralcFWFQWF2+NgCHShjkCb+IFBLq9buZwE1xckQU4peSuQ==}
    engines: {node: '>=4'}
    dependencies:
      ansi-styles: 3.2.1
      escape-string-regexp: 1.0.5
      supports-color: 5.5.0
    dev: false

  /clsx/1.2.1:
    resolution: {integrity: sha512-EcR6r5a8bj6pu3ycsa/E/cKVGuTgZJZdsyUYHOksG/UHIiKfjxzRxYJpyVBwYaQeOvghal9fcc4PidlgzugAQg==}
    engines: {node: '>=6'}
    dev: false

  /color-convert/1.9.3:
    resolution: {integrity: sha512-QfAUtd+vFdAtFQcC8CCyYt1fYWxSqAiK2cSD6zDB8N3cpsEBAvRxp9zOGg6G/SHHJYAT88/az/IuDGALsNVbGg==}
    dependencies:
      color-name: 1.1.3
    dev: false

  /color-name/1.1.3:
    resolution: {integrity: sha512-72fSenhMw2HZMTVHeCA9KCmpEIbzWiQsjN+BHcBbS9vr1mtt+vJjPdksIBNUmKAW8TFUDPJK5SUU3QhE9NEXDw==}
    dev: false

  /convert-source-map/1.9.0:
    resolution: {integrity: sha512-ASFBup0Mz1uyiIjANan1jzLQami9z1PoYSZCiiYW2FczPbenXc45FZdBZLzOT+r6+iciuEModtmCti+hjaAk0A==}
    dev: false

  /cosmiconfig/7.1.0:
    resolution: {integrity: sha512-AdmX6xUzdNASswsFtmwSt7Vj8po9IuqXm0UXz7QKPuEUmPB4XyjGfaAr2PSuELMwkRMVH1EpIkX5bTZGRB3eCA==}
    engines: {node: '>=10'}
    dependencies:
      '@types/parse-json': 4.0.0
      import-fresh: 3.3.0
      parse-json: 5.2.0
      path-type: 4.0.0
      yaml: 1.10.2
    dev: false

  /csstype/3.1.1:
    resolution: {integrity: sha512-DJR/VvkAvSZW9bTouZue2sSxDwdTN92uHjqeKVm+0dAqdfNykRzQ95tay8aXMBAAPpUiq4Qcug2L7neoRh2Egw==}
    dev: false

  /dom-helpers/5.2.1:
    resolution: {integrity: sha512-nRCa7CK3VTrM2NmGkIy4cbK7IZlgBE/PYMn55rrXefr5xXDP0LdtfPnblFDoVdcAfslJ7or6iqAUnx0CCGIWQA==}
    dependencies:
      '@babel/runtime': 7.21.0
      csstype: 3.1.1
    dev: false

  /error-ex/1.3.2:
    resolution: {integrity: sha512-7dFHNmqeFSEt2ZBsCriorKnn3Z2pj+fd9kmI6QoWw4//DL+icEBfc0U7qJCisqrTsKTjw4fNFy2pW9OqStD84g==}
    dependencies:
      is-arrayish: 0.2.1
    dev: false

  /escape-string-regexp/1.0.5:
    resolution: {integrity: sha512-vbRorB5FUQWvla16U8R/qgaFIya2qGzwDrNmCZuYKrbdSUMG6I1ZCGQRefkRVhuOkIGVne7BQ35DSfo1qvJqFg==}
    engines: {node: '>=0.8.0'}
    dev: false

  /escape-string-regexp/4.0.0:
    resolution: {integrity: sha512-TtpcNJ3XAzx3Gq8sWRzJaVajRs0uVxA2YAkdb1jm2YkPz4G6egUFAyA3n5vtEIZefPk5Wa4UXbKuS5fKkJWdgA==}
    engines: {node: '>=10'}
    dev: false

  /find-root/1.1.0:
    resolution: {integrity: sha512-NKfW6bec6GfKc0SGx1e07QZY9PE99u0Bft/0rzSD5k3sO/vwkVUpDUKVm5Gpp5Ue3YfShPFTX2070tDs5kB9Ng==}
    dev: false

  /function-bind/1.1.1:
    resolution: {integrity: sha512-yIovAzMX49sF8Yl58fSCWJ5svSLuaibPxXQJFLmBObTuCr0Mf1KiPopGM9NiFjiYBCbfaa2Fh6breQ6ANVTI0A==}
    dev: false

  /has-flag/3.0.0:
    resolution: {integrity: sha512-sKJf1+ceQBr4SMkvQnBDNDtf4TXpVhVGateu0t918bl30FnbE2m4vNLX+VWe/dpjlb+HugGYzW7uQXH98HPEYw==}
    engines: {node: '>=4'}
    dev: false

  /has/1.0.3:
    resolution: {integrity: sha512-f2dvO0VU6Oej7RkWJGrehjbzMAjFp5/VKPp5tTpWIV4JHHZK1/BxbFRtf/siA2SWTe09caDmVtYYzWEIbBS4zw==}
    engines: {node: '>= 0.4.0'}
    dependencies:
      function-bind: 1.1.1
    dev: false

  /hoist-non-react-statics/3.3.2:
    resolution: {integrity: sha512-/gGivxi8JPKWNm/W0jSmzcMPpfpPLc3dY/6GxhX2hQ9iGj3aDfklV4ET7NjKpSinLpJ5vafa9iiGIEZg10SfBw==}
    dependencies:
      react-is: 16.13.1
    dev: false

  /import-fresh/3.3.0:
    resolution: {integrity: sha512-veYYhQa+D1QBKznvhUHxb8faxlrwUnxseDAbAp457E0wLNio2bOSKnjYDhMj+YiAq61xrMGhQk9iXVk5FzgQMw==}
    engines: {node: '>=6'}
    dependencies:
      parent-module: 1.0.1
      resolve-from: 4.0.0
    dev: false

  /is-arrayish/0.2.1:
    resolution: {integrity: sha512-zz06S8t0ozoDXMG+ube26zeCTNXcKIPJZJi8hBrF4idCLms4CG9QtK7qBl1boi5ODzFpjswb5JPmHCbMpjaYzg==}
    dev: false

  /is-core-module/2.11.0:
    resolution: {integrity: sha512-RRjxlvLDkD1YJwDbroBHMb+cukurkDWNyHx7D3oNB5x9rb5ogcksMC5wHCadcXoo67gVr/+3GFySh3134zi6rw==}
    dependencies:
      has: 1.0.3
    dev: false

  /js-tokens/4.0.0:
    resolution: {integrity: sha512-RdJUflcE3cUzKiMqQgsCu06FPu9UdIJO0beYbPhHN4k6apgJtifcoCtT9bcxOpYBtpD2kCM6Sbzg4CausW/PKQ==}
    dev: false

  /json-parse-even-better-errors/2.3.1:
    resolution: {integrity: sha512-xyFwyhro/JEof6Ghe2iz2NcXoj2sloNsWr/XsERDK/oiPCfaNhl5ONfp+jQdAZRQQ0IJWNzH9zIZF7li91kh2w==}
    dev: false

  /lines-and-columns/1.2.4:
    resolution: {integrity: sha512-7ylylesZQ/PV29jhEDl3Ufjo6ZX7gCqJr5F7PKrqc93v7fzSymt1BpwEU8nAUXs8qzzvqhbjhK5QZg6Mt/HkBg==}
    dev: false

  /loose-envify/1.4.0:
    resolution: {integrity: sha512-lyuxPGr/Wfhrlem2CL/UcnUc1zcqKAImBDzukY7Y5F/yQiNdko6+fRLevlw1HgMySw7f611UIY408EtxRSoK3Q==}
    hasBin: true
    dependencies:
      js-tokens: 4.0.0
    dev: false

  /mui-image/1.0.7_bachi2g2e4ough6itswqbcnemm:
    resolution: {integrity: sha512-U79TWMKMfMC1ZiGnv/M+SaVJeUpubEjXOdy7w53RsvidUAMZ+4nW+QmDG9yg5fgWeYy6YJgLHyI9BHSDw76iIg==}
    peerDependencies:
      '@emotion/react': ^11.4.1
      '@emotion/styled': ^11.3.0
      '@mui/material': ^5.0.1
      prop-types: ^15.7.2
      react: ^17.0.2 || ^18.0.0
    dependencies:
      '@emotion/react': 11.10.6_react@18.2.0
      '@emotion/styled': 11.10.6_3og6jmu6wvzuytygvdoxepq3x4
      '@mui/material': 5.11.10_fbxtuirhogpez7m7qjkm3itwca
      prop-types: 15.8.1
      react: 18.2.0
    dev: false

  /object-assign/4.1.1:
    resolution: {integrity: sha512-rJgTQnkUnH1sFw8yT6VSU3zD3sWmu6sZhIseY8VX+GRu3P6F7Fu+JNDoXfklElbLJSnc3FUQHVe4cU5hj+BcUg==}
    engines: {node: '>=0.10.0'}
    dev: false

  /parent-module/1.0.1:
    resolution: {integrity: sha512-GQ2EWRpQV8/o+Aw8YqtfZZPfNRWZYkbidE9k5rpl/hC3vtHHBfGm2Ifi6qWV+coDGkrUKZAxE3Lot5kcsRlh+g==}
    engines: {node: '>=6'}
    dependencies:
      callsites: 3.1.0
    dev: false

  /parse-json/5.2.0:
    resolution: {integrity: sha512-ayCKvm/phCGxOkYRSCM82iDwct8/EonSEgCSxWxD7ve6jHggsFl4fZVQBPRNgQoKiuV/odhFrGzQXZwbifC8Rg==}
    engines: {node: '>=8'}
    dependencies:
      '@babel/code-frame': 7.18.6
      error-ex: 1.3.2
      json-parse-even-better-errors: 2.3.1
      lines-and-columns: 1.2.4
    dev: false

  /path-parse/1.0.7:
    resolution: {integrity: sha512-LDJzPVEEEPR+y48z93A0Ed0yXb8pAByGWo/k5YYdYgpY2/2EsOsksJrq7lOHxryrVOn1ejG6oAp8ahvOIQD8sw==}
    dev: false

  /path-type/4.0.0:
    resolution: {integrity: sha512-gDKb8aZMDeD/tZWs9P6+q0J9Mwkdl6xMV8TjnGP3qJVJ06bdMgkbBlLU8IdfOsIsFz2BW1rNVT3XuNEl8zPAvw==}
    engines: {node: '>=8'}
    dev: false

  /prop-types/15.8.1:
    resolution: {integrity: sha512-oj87CgZICdulUohogVAR7AjlC0327U4el4L6eAvOqCeudMDVU0NThNaV+b9Df4dXgSP1gXMTnPdhfe/2qDH5cg==}
    dependencies:
      loose-envify: 1.4.0
      object-assign: 4.1.1
      react-is: 16.13.1
    dev: false

  /react-dom/18.2.0_react@18.2.0:
    resolution: {integrity: sha512-6IMTriUmvsjHUjNtEDudZfuDQUoWXVxKHhlEGSk81n4YFS+r/Kl99wXiwlVXtPBtJenozv2P+hxDsw9eA7Xo6g==}
    peerDependencies:
      react: ^18.2.0
    dependencies:
      loose-envify: 1.4.0
      react: 18.2.0
      scheduler: 0.23.0
    dev: false

  /react-is/16.13.1:
    resolution: {integrity: sha512-24e6ynE2H+OKt4kqsOvNd8kBpV65zoxbA4BVsEOB3ARVWQki/DHzaUoC5KuON/BiccDaCCTZBuOcfZs70kR8bQ==}
    dev: false

  /react-is/18.2.0:
    resolution: {integrity: sha512-xWGDIW6x921xtzPkhiULtthJHoJvBbF3q26fzloPCK0hsvxtPVelvftw3zjbHWSkR2km9Z+4uxbDDK/6Zw9B8w==}
    dev: false

  /react-transition-group/4.4.5_biqbaboplfbrettd7655fr4n2y:
    resolution: {integrity: sha512-pZcd1MCJoiKiBR2NRxeCRg13uCXbydPnmB4EOeRrY7480qNWO8IIgQG6zlDkm6uRMsURXPuKq0GWtiM59a5Q6g==}
    peerDependencies:
      react: '>=16.6.0'
      react-dom: '>=16.6.0'
    dependencies:
      '@babel/runtime': 7.21.0
      dom-helpers: 5.2.1
      loose-envify: 1.4.0
      prop-types: 15.8.1
      react: 18.2.0
      react-dom: 18.2.0_react@18.2.0
    dev: false

  /react/18.2.0:
    resolution: {integrity: sha512-/3IjMdb2L9QbBdWiW5e3P2/npwMBaU9mHCSCUzNln0ZCYbcfTsGbTJrU/kGemdH2IWmB2ioZ+zkxtmq6g09fGQ==}
    engines: {node: '>=0.10.0'}
    dependencies:
      loose-envify: 1.4.0
    dev: false

  /regenerator-runtime/0.13.11:
    resolution: {integrity: sha512-kY1AZVr2Ra+t+piVaJ4gxaFaReZVH40AKNo7UCX6W+dEwBo/2oZJzqfuN1qLq1oL45o56cPaTXELwrTh8Fpggg==}
    dev: false

  /resolve-from/4.0.0:
    resolution: {integrity: sha512-pb/MYmXstAkysRFx8piNI1tGFNQIFA3vkE3Gq4EuA1dF6gHp/+vgZqsCGJapvy8N3Q+4o7FwvquPJcnZ7RYy4g==}
    engines: {node: '>=4'}
    dev: false

  /resolve/1.22.1:
    resolution: {integrity: sha512-nBpuuYuY5jFsli/JIs1oldw6fOQCBioohqWZg/2hiaOybXOft4lonv85uDOKXdf8rhyK159cxU5cDcK/NKk8zw==}
    hasBin: true
    dependencies:
      is-core-module: 2.11.0
      path-parse: 1.0.7
      supports-preserve-symlinks-flag: 1.0.0
    dev: false

  /rifm/0.12.1_react@18.2.0:
    resolution: {integrity: sha512-OGA1Bitg/dSJtI/c4dh90svzaUPt228kzFsUkJbtA2c964IqEAwWXeL9ZJi86xWv3j5SMqRvGULl7bA6cK0Bvg==}
    peerDependencies:
      react: '>=16.8'
    dependencies:
      react: 18.2.0
    dev: false

  /scheduler/0.23.0:
    resolution: {integrity: sha512-CtuThmgHNg7zIZWAXi3AsyIzA3n4xx7aNyjwC2VJldO2LMVDhFK+63xGqq6CsJH4rTAt6/M+N4GhZiDYPx9eUw==}
    dependencies:
      loose-envify: 1.4.0
    dev: false

  /source-map/0.5.7:
    resolution: {integrity: sha512-LbrmJOMUSdEVxIKvdcJzQC+nQhe8FUZQTXQy6+I75skNgn3OoQ0DZA8YnFa7gp8tqtL3KPf1kmo0R5DoApeSGQ==}
    engines: {node: '>=0.10.0'}
    dev: false

  /stylis/4.1.3:
    resolution: {integrity: sha512-GP6WDNWf+o403jrEp9c5jibKavrtLW+/qYGhFxFrG8maXhwTBI7gLLhiBb0o7uFccWN+EOS9aMO6cGHWAO07OA==}
    dev: false

  /supports-color/5.5.0:
    resolution: {integrity: sha512-QjVjwdXIt408MIiAqCX4oUKsgU2EqAGzs2Ppkm4aQYbjm+ZEWEcW4SfFNTr4uMNZma0ey4f5lgLrkB0aX0QMow==}
    engines: {node: '>=4'}
    dependencies:
      has-flag: 3.0.0
    dev: false

  /supports-preserve-symlinks-flag/1.0.0:
    resolution: {integrity: sha512-ot0WnXS9fgdkgIcePe6RHNk1WA8+muPa6cSjeR3V8K27q9BB1rTE3R1p7Hv0z1ZyAc8s6Vvv8DIyWf681MAt0w==}
    engines: {node: '>= 0.4'}
    dev: false

  /to-fast-properties/2.0.0:
    resolution: {integrity: sha512-/OaKK0xYrs3DmxRYqL/yDc+FxFUVYhDlXMhRmv3z915w2HF1tnN1omB354j8VUGO/hbRzyD6Y3sA7v7GS/ceog==}
    engines: {node: '>=4'}
    dev: false

  /yaml/1.10.2:
    resolution: {integrity: sha512-r3vXyErRCYJ7wg28yvBY5VSoAF8ZvlcW9/BwUzEtUsjvX/DKs24dIkuwjtuprwJJHsbyUbLApepYTR1BN4uHrg==}
    engines: {node: '>= 6'}
    dev: false
